{
  "requires": true,
  "lockfileVersion": 1,
  "dependencies": {
    "node-demo-190703": {
      "version": "1.0.0",
      "resolved": "https://registry.npmjs.org/node-demo-190703/-/node-demo-190703-1.0.0.tgz",
      "integrity": "sha512-0HIT3q0YY8VYhPpHSHPm8WCY+0pZQ7S0uVRskWfGuWtMW4okz68mgVvmIFl0A8Qs03kYuUDQ3tza3UZ5M88J+A=="
    }
  }
}
