{
  "name": "vue",
  "version": "1.0.0",
  "lockfileVersion": 1,
  "requires": true,
  "dependencies": {
    "bootstrap": {
      "version": "3.4.1",
      "resolved": "http://r.cnpmjs.org/bootstrap/download/bootstrap-3.4.1.tgz",
      "integrity": "sha1-w6NH1Bniia0R9AM+PEEyuHwIHXI=",
      "dev": true
    },
    "vue": {
      "version": "2.6.10",
      "resolved": "https://registry.npm.taobao.org/vue/download/vue-2.6.10.tgz",
      "dev": true
    },
    "vue-resource": {
      "version": "1.5.1",
      "resolved": "https://registry.npm.taobao.org/vue-resource/download/vue-resource-1.5.1.tgz",
      "dev": true
    }
  }
}
